
Microsoft Visual Studio Solution File, Format Version 12.00
# Visual Studio Version 16
VisualStudioVersion = 16.0.31624.102
MinimumVisualStudioVersion = 10.0.40219.1
Project("{FAE04EC0-301F-11D3-BF4B-00C04F79EFBC}") = "CRUDAppRazorPages", "CRUDAppRazorPages.csproj", "{24133205-AD86-47DD-928F-7C14A6DBB5E0}"
EndProject
Global
	GlobalSection(SolutionConfigurationPlatforms) = preSolution
		Debug|Any CPU = Debug|Any CPU
		Release|Any CPU = Release|Any CPU
	EndGlobalSection
	GlobalSection(ProjectConfigurationPlatforms) = postSolution
		{24133205-AD86-47DD-928F-7C14A6DBB5E0}.Debug|Any CPU.ActiveCfg = Debug|Any CPU
		{24133205-AD86-47DD-928F-7C14A6DBB5E0}.Debug|Any CPU.Build.0 = Debug|Any CPU
		{24133205-AD86-47DD-928F-7C14A6DBB5E0}.Release|Any CPU.ActiveCfg = Release|Any CPU
		{24133205-AD86-47DD-928F-7C14A6DBB5E0}.Release|Any CPU.Build.0 = Release|Any CPU
	EndGlobalSection
	GlobalSection(SolutionProperties) = preSolution
		HideSolutionNode = FALSE
	EndGlobalSection
	GlobalSection(ExtensibilityGlobals) = postSolution
		SolutionGuid = {10701155-A4F2-472B-B5A2-B18FDAA31EC3}
	EndGlobalSection
EndGlobal
